{
  "requires": true,
  "lockfileVersion": 1,
  "dependencies": {
    "@babel/runtime": {
      "version": "7.8.4",
      "resolved": "https://registry.npmjs.org/@babel/runtime/-/runtime-7.8.4.tgz",
      "integrity": "sha512-neAp3zt80trRVBI1x0azq6c57aNBqYZH8KhMm3TaB7wEI5Q4A2SHfBHE8w9gOhI/lrqxtEbXZgQIrHP+wvSGwQ==",
      "requires": {
        "regenerator-runtime": "^0.13.2"
      }
    },
    "@progress/kendo-popup-common": {
      "version": "1.7.0",
      "resolved": "https://registry.npmjs.org/@progress/kendo-popup-common/-/kendo-popup-common-1.7.0.tgz",
      "integrity": "sha512-KxPIXDkirDpJaF/UWFKbe8QpbO5CwdQH/HyNT5Fj1qZb25YaO68VZCisls2qkcEVPHBlXesDcN3QJlt4vJ6tJw=="
    },
    "@progress/kendo-react-animation": {
      "version": "3.12.0",
      "resolved": "https://registry.npmjs.org/@progress/kendo-react-animation/-/kendo-react-animation-3.12.0.tgz",
      "integrity": "sha512-FASwdGZ5npXFKDtUmxAtrbTHD2AwPJeD3DnnQmCf8wPTQHSdOR4g+jnJ+ZB+/BFA/KLYISnpLzm45MOlu4caMQ==",
      "requires": {
        "@progress/kendo-react-common": "3.12.0",
        "prop-types": "^15.6.0",
        "react-transition-group": "^2.2.0"
      }
    },
    "@progress/kendo-react-common": {
      "version": "3.12.0",
      "resolved": "https://registry.npmjs.org/@progress/kendo-react-common/-/kendo-react-common-3.12.0.tgz",
      "integrity": "sha512-TgJVu4mgdrhulK6s7NeprtOrggdyeIAtvwOUaDziE8uHpkTr0fHxIHsJiooI5XD3QLWOJdxOGkscHRx+WiZfyw==",
      "requires": {
        "@telerik/kendo-draggable": "2.0.0",
        "prop-types": "^15.6.0"
      }
    },
    "@progress/kendo-react-inputs": {
      "version": "3.12.0",
      "resolved": "https://registry.npmjs.org/@progress/kendo-react-inputs/-/kendo-react-inputs-3.12.0.tgz",
      "integrity": "sha512-ZCJfYF3CELYHN7vnj5HazjMwQpGJy8v76Ot2ClvmRzPPhVZJ9fgTlAYFDDgMkc1x387CyzzOLeCEe4Aq0TZ2wQ==",
      "requires": {
        "@progress/kendo-react-common": "3.12.0",
        "@progress/kendo-react-popup": "3.12.0",
        "prop-types": "^15.6.0"
      }
    },
    "@progress/kendo-react-popup": {
      "version": "3.12.0",
      "resolved": "https://registry.npmjs.org/@progress/kendo-react-popup/-/kendo-react-popup-3.12.0.tgz",
      "integrity": "sha512-XmSMBttW9CVAo+qmSjfdjw+E3afVe4RseZZqmwoz87eK4Js8g9UTxCmJNePxnvWQjLA14ddTNTxlzsI1gfyOgQ==",
      "requires": {
        "@progress/kendo-popup-common": "^1.2.2",
        "@progress/kendo-react-animation": "3.12.0",
        "@progress/kendo-react-common": "3.12.0",
        "prop-types": "^15.6.0"
      }
    },
    "@telerik/kendo-draggable": {
      "version": "2.0.0",
      "resolved": "https://registry.npmjs.org/@telerik/kendo-draggable/-/kendo-draggable-2.0.0.tgz",
      "integrity": "sha512-6fZcwVZQNh9ovWbueo2VFgpFxktWdxaABe/gVZ+dJy4h+ngkoSr0HSmfUJY5QupMQ1RvLA9hr3Eficbqx+gU0Q=="
    },
    "dom-helpers": {
      "version": "3.4.0",
      "resolved": "https://registry.npmjs.org/dom-helpers/-/dom-helpers-3.4.0.tgz",
      "integrity": "sha512-LnuPJ+dwqKDIyotW1VzmOZ5TONUN7CwkCR5hrgawTUbkBGYdeoNLZo6nNfGkCrjtE1nXXaj7iMMpDa8/d9WoIA==",
      "requires": {
        "@babel/runtime": "^7.1.2"
      }
    },
    "hoist-non-react-statics": {
      "version": "3.3.2",
      "resolved": "https://registry.npmjs.org/hoist-non-react-statics/-/hoist-non-react-statics-3.3.2.tgz",
      "integrity": "sha512-/gGivxi8JPKWNm/W0jSmzcMPpfpPLc3dY/6GxhX2hQ9iGj3aDfklV4ET7NjKpSinLpJ5vafa9iiGIEZg10SfBw==",
      "requires": {
        "react-is": "^16.7.0"
      }
    },
    "js-tokens": {
      "version": "4.0.0",
      "resolved": "https://registry.npmjs.org/js-tokens/-/js-tokens-4.0.0.tgz",
      "integrity": "sha512-RdJUflcE3cUzKiMqQgsCu06FPu9UdIJO0beYbPhHN4k6apgJtifcoCtT9bcxOpYBtpD2kCM6Sbzg4CausW/PKQ=="
    },
    "lodash": {
      "version": "4.17.15",
      "resolved": "https://registry.npmjs.org/lodash/-/lodash-4.17.15.tgz",
      "integrity": "sha512-8xOcRHvCjnocdS5cpwXQXVzmmh5e5+saE2QGoeQmbKmRS6J3VQppPOIt0MnmE+4xlZoumy0GPG0D0MVIQbNA1A==",
      "dev": true
    },
    "loose-envify": {
      "version": "1.4.0",
      "resolved": "https://registry.npmjs.org/loose-envify/-/loose-envify-1.4.0.tgz",
      "integrity": "sha512-lyuxPGr/Wfhrlem2CL/UcnUc1zcqKAImBDzukY7Y5F/yQiNdko6+fRLevlw1HgMySw7f611UIY408EtxRSoK3Q==",
      "requires": {
        "js-tokens": "^3.0.0 || ^4.0.0"
      }
    },
    "object-assign": {
      "version": "4.1.1",
      "resolved": "https://registry.npmjs.org/object-assign/-/object-assign-4.1.1.tgz",
      "integrity": "sha1-IQmtx5ZYh8/AXLvUQsrIv7s2CGM="
    },
    "prop-types": {
      "version": "15.7.2",
      "resolved": "https://registry.npmjs.org/prop-types/-/prop-types-15.7.2.tgz",
      "integrity": "sha512-8QQikdH7//R2vurIJSutZ1smHYTcLpRWEOlHnzcWHmBYrOGUysKwSsrC89BCiFj3CbrfJ/nXFdJepOVrY1GCHQ==",
      "requires": {
        "loose-envify": "^1.4.0",
        "object-assign": "^4.1.1",
        "react-is": "^16.8.1"
      }
    },
    "react-is": {
      "version": "16.12.0",
      "resolved": "https://registry.npmjs.org/react-is/-/react-is-16.12.0.tgz",
      "integrity": "sha512-rPCkf/mWBtKc97aLL9/txD8DZdemK0vkA3JMLShjlJB3Pj3s+lpf1KaBzMfQrAmhMQB0n1cU/SUGgKKBCe837Q=="
    },
    "react-lifecycles-compat": {
      "version": "3.0.4",
      "resolved": "https://registry.npmjs.org/react-lifecycles-compat/-/react-lifecycles-compat-3.0.4.tgz",
      "integrity": "sha512-fBASbA6LnOU9dOU2eW7aQ8xmYBSXUIWr+UmF9b1efZBazGNO+rcXT/icdKnYm2pTwcRylVUYwW7H1PHfLekVzA=="
    },
    "react-redux": {
      "version": "7.2.0",
      "resolved": "https://registry.npmjs.org/react-redux/-/react-redux-7.2.0.tgz",
      "integrity": "sha512-EvCAZYGfOLqwV7gh849xy9/pt55rJXPwmYvI4lilPM5rUT/1NxuuN59ipdBksRVSvz0KInbPnp4IfoXJXCqiDA==",
      "requires": {
        "@babel/runtime": "^7.5.5",
        "hoist-non-react-statics": "^3.3.0",
        "loose-envify": "^1.4.0",
        "prop-types": "^15.7.2",
        "react-is": "^16.9.0"
      }
    },
    "react-transition-group": {
      "version": "2.9.0",
      "resolved": "https://registry.npmjs.org/react-transition-group/-/react-transition-group-2.9.0.tgz",
      "integrity": "sha512-+HzNTCHpeQyl4MJ/bdE0u6XRMe9+XG/+aL4mCxVN4DnPBQ0/5bfHWPDuOZUzYdMj94daZaZdCCc1Dzt9R/xSSg==",
      "requires": {
        "dom-helpers": "^3.4.0",
        "loose-envify": "^1.4.0",
        "prop-types": "^15.6.2",
        "react-lifecycles-compat": "^3.0.4"
      }
    },
    "redux": {
      "version": "4.0.5",
      "resolved": "https://registry.npmjs.org/redux/-/redux-4.0.5.tgz",
      "integrity": "sha512-VSz1uMAH24DM6MF72vcojpYPtrTUu3ByVWfPL1nPfVRb5mZVTve5GnNCUV53QM/BZ66xfWrm0CTWoM+Xlz8V1w==",
      "requires": {
        "loose-envify": "^1.4.0",
        "symbol-observable": "^1.2.0"
      }
    },
    "redux-devtools": {
      "version": "3.5.0",
      "resolved": "https://registry.npmjs.org/redux-devtools/-/redux-devtools-3.5.0.tgz",
      "integrity": "sha512-pGU8TZNvWxPaCCE432AGm6H6alQbAz80gQM5CzM3SjX9/oSNu/HPF17xFdPQJOXasqyih1Gv167kZDTRe7r0iQ==",
      "dev": true,
      "requires": {
        "lodash": "^4.2.0",
        "prop-types": "^15.5.7",
        "redux-devtools-instrument": "^1.9.0"
      }
    },
    "redux-devtools-instrument": {
      "version": "1.9.6",
      "resolved": "https://registry.npmjs.org/redux-devtools-instrument/-/redux-devtools-instrument-1.9.6.tgz",
      "integrity": "sha512-MwvY4cLEB2tIfWWBzrUR02UM9qRG2i7daNzywRvabOSVdvAY7s9BxSwMmVRH1Y/7QWjplNtOwgT0apKhHg2Qew==",
      "dev": true,
      "requires": {
        "lodash": "^4.2.0",
        "symbol-observable": "^1.0.2"
      }
    },
    "regenerator-runtime": {
      "version": "0.13.3",
      "resolved": "https://registry.npmjs.org/regenerator-runtime/-/regenerator-runtime-0.13.3.tgz",
      "integrity": "sha512-naKIZz2GQ8JWh///G7L3X6LaQUAMp2lvb1rvwwsURe/VXwD6VMfr+/1NuNw3ag8v2kY1aQ/go5SNn79O9JU7yw=="
    },
    "symbol-observable": {
      "version": "1.2.0",
      "resolved": "https://registry.npmjs.org/symbol-observable/-/symbol-observable-1.2.0.tgz",
      "integrity": "sha512-e900nM8RRtGhlV36KGEU9k65K3mPb1WV70OdjfxlG2EAuM1noi/E/BaW/uMhL7bPEssK8QV57vN3esixjUvcXQ=="
    }
  }
}
